
Microsoft Visual Studio Solution File, Format Version 12.00
# Visual Studio Version 17
VisualStudioVersion = 17.9.34723.18
MinimumVisualStudioVersion = 10.0.40219.1
Project("{FAE04EC0-301F-11D3-BF4B-00C04F79EFBC}") = "MvcCoreSeriesBeanstalk", "MvcCoreSeriesBeanstalk\MvcCoreSeriesBeanstalk.csproj", "{C0205CBC-8921-42E5-995D-E42DDFADFDE3}"
EndProject
Global
	GlobalSection(SolutionConfigurationPlatforms) = preSolution
		Debug|Any CPU = Debug|Any CPU
		Release|Any CPU = Release|Any CPU
	EndGlobalSection
	GlobalSection(ProjectConfigurationPlatforms) = postSolution
		{C0205CBC-8921-42E5-995D-E42DDFADFDE3}.Debug|Any CPU.ActiveCfg = Debug|Any CPU
		{C0205CBC-8921-42E5-995D-E42DDFADFDE3}.Debug|Any CPU.Build.0 = Debug|Any CPU
		{C0205CBC-8921-42E5-995D-E42DDFADFDE3}.Release|Any CPU.ActiveCfg = Release|Any CPU
		{C0205CBC-8921-42E5-995D-E42DDFADFDE3}.Release|Any CPU.Build.0 = Release|Any CPU
	EndGlobalSection
	GlobalSection(SolutionProperties) = preSolution
		HideSolutionNode = FALSE
	EndGlobalSection
	GlobalSection(ExtensibilityGlobals) = postSolution
		SolutionGuid = {CBD87070-32D7-4B01-8018-1A839C85C229}
	EndGlobalSection
EndGlobal
